
Microsoft Visual Studio Solution File, Format Version 12.00
# Visual Studio 15
VisualStudioVersion = 15.0.28010.2019
MinimumVisualStudioVersion = 10.0.40219.1
Project("{FAE04EC0-301F-11D3-BF4B-00C04F79EFBC}") = "CIS209_Method_Demos", "CIS209_Method_Demos\CIS209_Method_Demos.csproj", "{B9E0708F-D0DF-4595-9B86-098F9936D9CF}"
EndProject
Global
	GlobalSection(SolutionConfigurationPlatforms) = preSolution
		Debug|Any CPU = Debug|Any CPU
		Release|Any CPU = Release|Any CPU
	EndGlobalSection
	GlobalSection(ProjectConfigurationPlatforms) = postSolution
		{B9E0708F-D0DF-4595-9B86-098F9936D9CF}.Debug|Any CPU.ActiveCfg = Debug|Any CPU
		{B9E0708F-D0DF-4595-9B86-098F9936D9CF}.Debug|Any CPU.Build.0 = Debug|Any CPU
		{B9E0708F-D0DF-4595-9B86-098F9936D9CF}.Release|Any CPU.ActiveCfg = Release|Any CPU
		{B9E0708F-D0DF-4595-9B86-098F9936D9CF}.Release|Any CPU.Build.0 = Release|Any CPU
	EndGlobalSection
	GlobalSection(SolutionProperties) = preSolution
		HideSolutionNode = FALSE
	EndGlobalSection
	GlobalSection(ExtensibilityGlobals) = postSolution
		SolutionGuid = {755BC5F9-FB15-4BA6-8A74-87B7D2ACBAAB}
	EndGlobalSection
EndGlobal
